
Microsoft Visual Studio Solution File, Format Version 12.00
# Visual Studio Version 17
VisualStudioVersion = 17.8.34330.188
MinimumVisualStudioVersion = 10.0.40219.1
Project("{FAE04EC0-301F-11D3-BF4B-00C04F79EFBC}") = "CriacaoClasses1", "CriacaoClasses1\CriacaoClasses1.csproj", "{706B71B6-24E2-4B75-B1A2-DFFFE287FA88}"
EndProject
Project("{FAE04EC0-301F-11D3-BF4B-00C04F79EFBC}") = "ValidadorIdadeComLista", "ValidadorIdadeComLista\ValidadorIdadeComLista.csproj", "{576032A0-282D-4A7E-B3EC-D176B2320C32}"
EndProject
Global
	GlobalSection(SolutionConfigurationPlatforms) = preSolution
		Debug|Any CPU = Debug|Any CPU
		Release|Any CPU = Release|Any CPU
	EndGlobalSection
	GlobalSection(ProjectConfigurationPlatforms) = postSolution
		{706B71B6-24E2-4B75-B1A2-DFFFE287FA88}.Debug|Any CPU.ActiveCfg = Debug|Any CPU
		{706B71B6-24E2-4B75-B1A2-DFFFE287FA88}.Debug|Any CPU.Build.0 = Debug|Any CPU
		{706B71B6-24E2-4B75-B1A2-DFFFE287FA88}.Release|Any CPU.ActiveCfg = Release|Any CPU
		{706B71B6-24E2-4B75-B1A2-DFFFE287FA88}.Release|Any CPU.Build.0 = Release|Any CPU
		{576032A0-282D-4A7E-B3EC-D176B2320C32}.Debug|Any CPU.ActiveCfg = Debug|Any CPU
		{576032A0-282D-4A7E-B3EC-D176B2320C32}.Debug|Any CPU.Build.0 = Debug|Any CPU
		{576032A0-282D-4A7E-B3EC-D176B2320C32}.Release|Any CPU.ActiveCfg = Release|Any CPU
		{576032A0-282D-4A7E-B3EC-D176B2320C32}.Release|Any CPU.Build.0 = Release|Any CPU
	EndGlobalSection
	GlobalSection(SolutionProperties) = preSolution
		HideSolutionNode = FALSE
	EndGlobalSection
	GlobalSection(ExtensibilityGlobals) = postSolution
		SolutionGuid = {D9CE91D0-BE8F-4155-B5AB-9A806352929C}
	EndGlobalSection
EndGlobal
