
Microsoft Visual Studio Solution File, Format Version 12.00
# Visual Studio Version 17
VisualStudioVersion = 17.8.34330.188
MinimumVisualStudioVersion = 10.0.40219.1
Project("{FAE04EC0-301F-11D3-BF4B-00C04F79EFBC}") = "Value-Reference-Types", "Value-Reference-Types.csproj", "{2D73F3E6-05AA-4721-8FA4-288F63A1A31D}"
EndProject
Global
	GlobalSection(SolutionConfigurationPlatforms) = preSolution
		Debug|Any CPU = Debug|Any CPU
		Release|Any CPU = Release|Any CPU
	EndGlobalSection
	GlobalSection(ProjectConfigurationPlatforms) = postSolution
		{2D73F3E6-05AA-4721-8FA4-288F63A1A31D}.Debug|Any CPU.ActiveCfg = Debug|Any CPU
		{2D73F3E6-05AA-4721-8FA4-288F63A1A31D}.Debug|Any CPU.Build.0 = Debug|Any CPU
		{2D73F3E6-05AA-4721-8FA4-288F63A1A31D}.Release|Any CPU.ActiveCfg = Release|Any CPU
		{2D73F3E6-05AA-4721-8FA4-288F63A1A31D}.Release|Any CPU.Build.0 = Release|Any CPU
	EndGlobalSection
	GlobalSection(SolutionProperties) = preSolution
		HideSolutionNode = FALSE
	EndGlobalSection
	GlobalSection(ExtensibilityGlobals) = postSolution
		SolutionGuid = {1C05F1A3-DC19-4CA1-9D5E-63483C096D3E}
	EndGlobalSection
EndGlobal
