
Microsoft Visual Studio Solution File, Format Version 12.00
# Visual Studio Version 17
VisualStudioVersion = 17.8.34330.188
MinimumVisualStudioVersion = 10.0.40219.1
Project("{9A19103F-16F7-4668-BE54-9A1E7A4F7556}") = "ProjetoConta", "ContaCorrente\ProjetoConta.csproj", "{CFE490D4-D085-4E34-9B19-A6126F0BDF9B}"
EndProject
Global
	GlobalSection(SolutionConfigurationPlatforms) = preSolution
		Debug|Any CPU = Debug|Any CPU
		Release|Any CPU = Release|Any CPU
	EndGlobalSection
	GlobalSection(ProjectConfigurationPlatforms) = postSolution
		{CFE490D4-D085-4E34-9B19-A6126F0BDF9B}.Debug|Any CPU.ActiveCfg = Debug|Any CPU
		{CFE490D4-D085-4E34-9B19-A6126F0BDF9B}.Debug|Any CPU.Build.0 = Debug|Any CPU
		{CFE490D4-D085-4E34-9B19-A6126F0BDF9B}.Release|Any CPU.ActiveCfg = Release|Any CPU
		{CFE490D4-D085-4E34-9B19-A6126F0BDF9B}.Release|Any CPU.Build.0 = Release|Any CPU
	EndGlobalSection
	GlobalSection(SolutionProperties) = preSolution
		HideSolutionNode = FALSE
	EndGlobalSection
	GlobalSection(ExtensibilityGlobals) = postSolution
		SolutionGuid = {8811856C-D95A-4978-BA12-13CE141276A9}
	EndGlobalSection
EndGlobal
