
Microsoft Visual Studio Solution File, Format Version 12.00
# Visual Studio Version 17
VisualStudioVersion = 17.8.34330.188
MinimumVisualStudioVersion = 10.0.40219.1
Project("{FAE04EC0-301F-11D3-BF4B-00C04F79EFBC}") = "teste", "teste\teste.csproj", "{2B5D1965-1774-4849-A004-D1C7DA78E06E}"
EndProject
Global
	GlobalSection(SolutionConfigurationPlatforms) = preSolution
		Debug|Any CPU = Debug|Any CPU
		Release|Any CPU = Release|Any CPU
	EndGlobalSection
	GlobalSection(ProjectConfigurationPlatforms) = postSolution
		{2B5D1965-1774-4849-A004-D1C7DA78E06E}.Debug|Any CPU.ActiveCfg = Debug|Any CPU
		{2B5D1965-1774-4849-A004-D1C7DA78E06E}.Debug|Any CPU.Build.0 = Debug|Any CPU
		{2B5D1965-1774-4849-A004-D1C7DA78E06E}.Release|Any CPU.ActiveCfg = Release|Any CPU
		{2B5D1965-1774-4849-A004-D1C7DA78E06E}.Release|Any CPU.Build.0 = Release|Any CPU
	EndGlobalSection
	GlobalSection(SolutionProperties) = preSolution
		HideSolutionNode = FALSE
	EndGlobalSection
	GlobalSection(ExtensibilityGlobals) = postSolution
		SolutionGuid = {F9A05D45-E873-4695-B712-AE3EAC916F9E}
	EndGlobalSection
EndGlobal
