
Microsoft Visual Studio Solution File, Format Version 12.00
# Visual Studio Version 17
VisualStudioVersion = 17.8.34330.188
MinimumVisualStudioVersion = 10.0.40219.1
Project("{FAE04EC0-301F-11D3-BF4B-00C04F79EFBC}") = "ConsoleApp2", "ConsoleApp2.csproj", "{15A376A9-E28C-4336-BB30-EF13E35E6DDE}"
EndProject
Global
	GlobalSection(SolutionConfigurationPlatforms) = preSolution
		Debug|Any CPU = Debug|Any CPU
		Release|Any CPU = Release|Any CPU
	EndGlobalSection
	GlobalSection(ProjectConfigurationPlatforms) = postSolution
		{15A376A9-E28C-4336-BB30-EF13E35E6DDE}.Debug|Any CPU.ActiveCfg = Debug|Any CPU
		{15A376A9-E28C-4336-BB30-EF13E35E6DDE}.Debug|Any CPU.Build.0 = Debug|Any CPU
		{15A376A9-E28C-4336-BB30-EF13E35E6DDE}.Release|Any CPU.ActiveCfg = Release|Any CPU
		{15A376A9-E28C-4336-BB30-EF13E35E6DDE}.Release|Any CPU.Build.0 = Release|Any CPU
	EndGlobalSection
	GlobalSection(SolutionProperties) = preSolution
		HideSolutionNode = FALSE
	EndGlobalSection
	GlobalSection(ExtensibilityGlobals) = postSolution
		SolutionGuid = {1857ED0D-4071-49EA-AF9F-4455DED18ADC}
	EndGlobalSection
EndGlobal
